
Microsoft Visual Studio Solution File, Format Version 12.00
# Visual Studio Version 17
VisualStudioVersion = 17.6.33829.357
MinimumVisualStudioVersion = 10.0.40219.1
Project("{9A19103F-16F7-4668-BE54-9A1E7A4F7556}") = "BLL", "BLL\BLL.csproj", "{CD171F19-FF2C-4172-8E7F-09B7E393870D}"
EndProject
Project("{FAE04EC0-301F-11D3-BF4B-00C04F79EFBC}") = "BLL.Tests", "BLL.Tests\BLL.Tests.csproj", "{F55B7AF4-2BB6-402F-B5B8-FE752C2FFE88}"
EndProject
Global
	GlobalSection(SolutionConfigurationPlatforms) = preSolution
		Debug|Any CPU = Debug|Any CPU
		Release|Any CPU = Release|Any CPU
	EndGlobalSection
	GlobalSection(ProjectConfigurationPlatforms) = postSolution
		{CD171F19-FF2C-4172-8E7F-09B7E393870D}.Debug|Any CPU.ActiveCfg = Debug|Any CPU
		{CD171F19-FF2C-4172-8E7F-09B7E393870D}.Debug|Any CPU.Build.0 = Debug|Any CPU
		{CD171F19-FF2C-4172-8E7F-09B7E393870D}.Release|Any CPU.ActiveCfg = Release|Any CPU
		{CD171F19-FF2C-4172-8E7F-09B7E393870D}.Release|Any CPU.Build.0 = Release|Any CPU
		{F55B7AF4-2BB6-402F-B5B8-FE752C2FFE88}.Debug|Any CPU.ActiveCfg = Debug|Any CPU
		{F55B7AF4-2BB6-402F-B5B8-FE752C2FFE88}.Debug|Any CPU.Build.0 = Debug|Any CPU
		{F55B7AF4-2BB6-402F-B5B8-FE752C2FFE88}.Release|Any CPU.ActiveCfg = Release|Any CPU
		{F55B7AF4-2BB6-402F-B5B8-FE752C2FFE88}.Release|Any CPU.Build.0 = Release|Any CPU
	EndGlobalSection
	GlobalSection(SolutionProperties) = preSolution
		HideSolutionNode = FALSE
	EndGlobalSection
	GlobalSection(ExtensibilityGlobals) = postSolution
		SolutionGuid = {9D752F46-43C1-4E51-ACB8-63CB2AFD68CA}
	EndGlobalSection
EndGlobal
